
Microsoft Visual Studio Solution File, Format Version 12.00
# Visual Studio Version 17
VisualStudioVersion = 17.5.33627.172
MinimumVisualStudioVersion = 10.0.40219.1
Project("{9A19103F-16F7-4668-BE54-9A1E7A4F7556}") = "IMDBDataProcessor", "IMDBDataProcessor\IMDBDataProcessor.csproj", "{72768E45-BD01-451E-B631-C857A2B289D2}"
EndProject
Project("{9A19103F-16F7-4668-BE54-9A1E7A4F7556}") = "Tests", "Tests\Tests.csproj", "{BB0ED6E7-BF3E-463B-ADC6-870B52999C75}"
EndProject
Project("{9A19103F-16F7-4668-BE54-9A1E7A4F7556}") = "Models", "Models\Models.csproj", "{19737C22-FA96-475D-89BA-7AF025C53092}"
EndProject
Project("{FAE04EC0-301F-11D3-BF4B-00C04F79EFBC}") = "Utils", "Utils\Utils.csproj", "{222ACFCC-930E-4C3B-8D68-31CD129EE5F8}"
EndProject
Global
	GlobalSection(SolutionConfigurationPlatforms) = preSolution
		Debug|Any CPU = Debug|Any CPU
		Release|Any CPU = Release|Any CPU
	EndGlobalSection
	GlobalSection(ProjectConfigurationPlatforms) = postSolution
		{72768E45-BD01-451E-B631-C857A2B289D2}.Debug|Any CPU.ActiveCfg = Debug|Any CPU
		{72768E45-BD01-451E-B631-C857A2B289D2}.Debug|Any CPU.Build.0 = Debug|Any CPU
		{72768E45-BD01-451E-B631-C857A2B289D2}.Release|Any CPU.ActiveCfg = Release|Any CPU
		{72768E45-BD01-451E-B631-C857A2B289D2}.Release|Any CPU.Build.0 = Release|Any CPU
		{BB0ED6E7-BF3E-463B-ADC6-870B52999C75}.Debug|Any CPU.ActiveCfg = Debug|Any CPU
		{BB0ED6E7-BF3E-463B-ADC6-870B52999C75}.Debug|Any CPU.Build.0 = Debug|Any CPU
		{BB0ED6E7-BF3E-463B-ADC6-870B52999C75}.Release|Any CPU.ActiveCfg = Release|Any CPU
		{BB0ED6E7-BF3E-463B-ADC6-870B52999C75}.Release|Any CPU.Build.0 = Release|Any CPU
		{19737C22-FA96-475D-89BA-7AF025C53092}.Debug|Any CPU.ActiveCfg = Debug|Any CPU
		{19737C22-FA96-475D-89BA-7AF025C53092}.Debug|Any CPU.Build.0 = Debug|Any CPU
		{19737C22-FA96-475D-89BA-7AF025C53092}.Release|Any CPU.ActiveCfg = Release|Any CPU
		{19737C22-FA96-475D-89BA-7AF025C53092}.Release|Any CPU.Build.0 = Release|Any CPU
		{222ACFCC-930E-4C3B-8D68-31CD129EE5F8}.Debug|Any CPU.ActiveCfg = Debug|Any CPU
		{222ACFCC-930E-4C3B-8D68-31CD129EE5F8}.Debug|Any CPU.Build.0 = Debug|Any CPU
		{222ACFCC-930E-4C3B-8D68-31CD129EE5F8}.Release|Any CPU.ActiveCfg = Release|Any CPU
		{222ACFCC-930E-4C3B-8D68-31CD129EE5F8}.Release|Any CPU.Build.0 = Release|Any CPU
	EndGlobalSection
	GlobalSection(SolutionProperties) = preSolution
		HideSolutionNode = FALSE
	EndGlobalSection
	GlobalSection(ExtensibilityGlobals) = postSolution
		SolutionGuid = {FFF8C46C-AA64-45DC-A3D2-C8FF5FA88BB4}
	EndGlobalSection
EndGlobal
